
Microsoft Visual Studio Solution File, Format Version 12.00
# Visual Studio Version 16
VisualStudioVersion = 16.0.29102.190
MinimumVisualStudioVersion = 10.0.40219.1
Project("{FAE04EC0-301F-11D3-BF4B-00C04F79EFBC}") = "WebApiProxy.Core", "WebApiProxy.Core\WebApiProxy.Core.csproj", "{94508206-8537-4088-923B-E7FCB0539903}"
EndProject
Project("{FAE04EC0-301F-11D3-BF4B-00C04F79EFBC}") = "WebApiProxy.Server", "WebApiProxy.Server\WebApiProxy.Server.csproj", "{4E5B8C2F-9008-4A17-ABD1-A92E046C6A1E}"
EndProject
Project("{FAE04EC0-301F-11D3-BF4B-00C04F79EFBC}") = "WebApiProxy.Tasks", "WebApiProxy.Tasks\WebApiProxy.Tasks.csproj", "{A635DE23-DDC1-43ED-BC5D-D49B7E8A4355}"
EndProject
Global
	GlobalSection(SolutionConfigurationPlatforms) = preSolution
		Debug|Any CPU = Debug|Any CPU
		Release|Any CPU = Release|Any CPU
	EndGlobalSection
	GlobalSection(ProjectConfigurationPlatforms) = postSolution
		{94508206-8537-4088-923B-E7FCB0539903}.Debug|Any CPU.ActiveCfg = Debug|Any CPU
		{94508206-8537-4088-923B-E7FCB0539903}.Debug|Any CPU.Build.0 = Debug|Any CPU
		{94508206-8537-4088-923B-E7FCB0539903}.Release|Any CPU.ActiveCfg = Release|Any CPU
		{94508206-8537-4088-923B-E7FCB0539903}.Release|Any CPU.Build.0 = Release|Any CPU
		{4E5B8C2F-9008-4A17-ABD1-A92E046C6A1E}.Debug|Any CPU.ActiveCfg = Debug|Any CPU
		{4E5B8C2F-9008-4A17-ABD1-A92E046C6A1E}.Debug|Any CPU.Build.0 = Debug|Any CPU
		{4E5B8C2F-9008-4A17-ABD1-A92E046C6A1E}.Release|Any CPU.ActiveCfg = Release|Any CPU
		{4E5B8C2F-9008-4A17-ABD1-A92E046C6A1E}.Release|Any CPU.Build.0 = Release|Any CPU
		{A635DE23-DDC1-43ED-BC5D-D49B7E8A4355}.Debug|Any CPU.ActiveCfg = Debug|Any CPU
		{A635DE23-DDC1-43ED-BC5D-D49B7E8A4355}.Debug|Any CPU.Build.0 = Debug|Any CPU
		{A635DE23-DDC1-43ED-BC5D-D49B7E8A4355}.Release|Any CPU.ActiveCfg = Release|Any CPU
		{A635DE23-DDC1-43ED-BC5D-D49B7E8A4355}.Release|Any CPU.Build.0 = Release|Any CPU
	EndGlobalSection
	GlobalSection(SolutionProperties) = preSolution
		HideSolutionNode = FALSE
	EndGlobalSection
	GlobalSection(ExtensibilityGlobals) = postSolution
		SolutionGuid = {B54B4EDA-18F2-471F-8EE6-666BF210CD20}
	EndGlobalSection
EndGlobal
